
Microsoft Visual Studio Solution File, Format Version 12.00
# Visual Studio 2013
VisualStudioVersion = 12.0.31101.0
MinimumVisualStudioVersion = 10.0.40219.1
Project("{FAE04EC0-301F-11D3-BF4B-00C04F79EFBC}") = "DatabaseMigrator.Console", "DatabaseMigrator.Console\DatabaseMigrator.Console.csproj", "{16404271-102F-4BF5-949B-89C85F673C41}"
EndProject
Project("{FAE04EC0-301F-11D3-BF4B-00C04F79EFBC}") = "DatabaseMigrator.Core", "DatabaseMigrator.Core\DatabaseMigrator.Core.csproj", "{9D0D6C18-634D-4941-A8E9-D868C5A2ACA0}"
EndProject
Project("{FAE04EC0-301F-11D3-BF4B-00C04F79EFBC}") = "DatabaseMigrator.PostgreSql", "DatabaseMigrator.PostgreSql\DatabaseMigrator.PostgreSql.csproj", "{C93D46C9-02E0-4014-B4EC-0E6D9E01B164}"
EndProject
Global
	GlobalSection(SolutionConfigurationPlatforms) = preSolution
		Debug|Any CPU = Debug|Any CPU
		Release|Any CPU = Release|Any CPU
	EndGlobalSection
	GlobalSection(ProjectConfigurationPlatforms) = postSolution
		{16404271-102F-4BF5-949B-89C85F673C41}.Debug|Any CPU.ActiveCfg = Debug|Any CPU
		{16404271-102F-4BF5-949B-89C85F673C41}.Debug|Any CPU.Build.0 = Debug|Any CPU
		{16404271-102F-4BF5-949B-89C85F673C41}.Release|Any CPU.ActiveCfg = Release|Any CPU
		{16404271-102F-4BF5-949B-89C85F673C41}.Release|Any CPU.Build.0 = Release|Any CPU
		{9D0D6C18-634D-4941-A8E9-D868C5A2ACA0}.Debug|Any CPU.ActiveCfg = Debug|Any CPU
		{9D0D6C18-634D-4941-A8E9-D868C5A2ACA0}.Debug|Any CPU.Build.0 = Debug|Any CPU
		{9D0D6C18-634D-4941-A8E9-D868C5A2ACA0}.Release|Any CPU.ActiveCfg = Release|Any CPU
		{9D0D6C18-634D-4941-A8E9-D868C5A2ACA0}.Release|Any CPU.Build.0 = Release|Any CPU
		{C93D46C9-02E0-4014-B4EC-0E6D9E01B164}.Debug|Any CPU.ActiveCfg = Debug|Any CPU
		{C93D46C9-02E0-4014-B4EC-0E6D9E01B164}.Debug|Any CPU.Build.0 = Debug|Any CPU
		{C93D46C9-02E0-4014-B4EC-0E6D9E01B164}.Release|Any CPU.ActiveCfg = Release|Any CPU
		{C93D46C9-02E0-4014-B4EC-0E6D9E01B164}.Release|Any CPU.Build.0 = Release|Any CPU
	EndGlobalSection
	GlobalSection(SolutionProperties) = preSolution
		HideSolutionNode = FALSE
	EndGlobalSection
EndGlobal
